// !$*UTF8*$!
{
	archiveVersion = 1;
	classes = {
	};
	objectVersion = 50;
	objects = {

/* Begin PBXBuildFile section */
		DA2B388D261719C300CA6049 /* MyModel.swift in Sources */ = {isa = PBXBuildFile; fileRef = DA2B388C261719C300CA6049 /* MyModel.swift */; };
		DAF1521926161758001902CC /* LearningGHApp.swift in Sources */ = {isa = PBXBuildFile; fileRef = DAF1521826161758001902CC /* LearningGHApp.swift */; };
		DAF1521B26161758001902CC /* ContentView.swift in Sources */ = {isa = PBXBuildFile; fileRef = DAF1521A26161758001902CC /* ContentView.swift */; };
		DAF1521D2616175B001902CC /* Assets.xcassets in Resources */ = {isa = PBXBuildFile; fileRef = DAF1521C2616175B001902CC /* Assets.xcassets */; };
		DAF152202616175B001902CC /* Preview Assets.xcassets in Resources */ = {isa = PBXBuildFile; fileRef = DAF1521F2616175B001902CC /* Preview Assets.xcassets */; };
/* End PBXBuildFile section */

/* Begin PBXFileReference section */
		DA2B388C261719C300CA6049 /* MyModel.swift */ = {isa = PBXFileReference; lastKnownFileType = sourcecode.swift; path = MyModel.swift; sourceTree = "<group>"; };
		DAF1521526161758001902CC /* LearningGH.app */ = {isa = PBXFileReference; explicitFileType = wrapper.application; includeInIndex = 0; path = LearningGH.app; sourceTree = BUILT_PRODUCTS_DIR; };
		DAF1521826161758001902CC /* LearningGHApp.swift */ = {isa = PBXFileReference; lastKnownFileType = sourcecode.swift; path = LearningGHApp.swift; sourceTree = "<group>"; };
		DAF1521A26161758001902CC /* ContentView.swift */ = {isa = PBXFileReference; lastKnownFileType = sourcecode.swift; path = ContentView.swift; sourceTree = "<group>"; };
		DAF1521C2616175B001902CC /* Assets.xcassets */ = {isa = PBXFileReference; lastKnownFileType = folder.assetcatalog; path = Assets.xcassets; sourceTree = "<group>"; };
		DAF1521F2616175B001902CC /* Preview Assets.xcassets */ = {isa = PBXFileReference; lastKnownFileType = folder.assetcatalog; path = "Preview Assets.xcassets"; sourceTree = "<group>"; };
		DAF152212616175B001902CC /* Info.plist */ = {isa = PBXFileReference; lastKnownFileType = text.plist.xml; path = Info.plist; sourceTree = "<group>"; };
/* End PBXFileReference section */

/* Begin PBXFrameworksBuildPhase section */
		DAF1521226161758001902CC /* Frameworks */ = {
			isa = PBXFrameworksBuildPhase;
			buildActionMask = 2147483647;
			files = (
			);
			runOnlyForDeploymentPostprocessing = 0;
		};
/* End PBXFrameworksBuildPhase section */

/* Begin PBXGroup section */
		DAF1520C26161757001902CC = {
			isa = PBXGroup;
			children = (
				DAF1521726161758001902CC /* LearningGH */,
				DAF1521626161758001902CC /* Products */,
			);
			sourceTree = "<group>";
		};
		DAF1521626161758001902CC /* Products */ = {
			isa = PBXGroup;
			children = (
				DAF1521526161758001902CC /* LearningGH.app */,
			);
			name = Products;
			sourceTree = "<group>";
		};
		DAF1521726161758001902CC /* LearningGH */ = {
			isa = PBXGroup;
			children = (
				DAF1521826161758001902CC /* LearningGHApp.swift */,
				DAF1521A26161758001902CC /* ContentView.swift */,
				DAF1521C2616175B001902CC /* Assets.xcassets */,
				DAF152212616175B001902CC /* Info.plist */,
				DAF1521E2616175B001902CC /* Preview Content */,
				DA2B388C261719C300CA6049 /* MyModel.swift */,
			);
			path = LearningGH;
			sourceTree = "<group>";
		};
		DAF1521E2616175B001902CC /* Preview Content */ = {
			isa = PBXGroup;
			children = (
				DAF1521F2616175B001902CC /* Preview Assets.xcassets */,
			);
			path = "Preview Content";
			sourceTree = "<group>";
		};
/* End PBXGroup section */

/* Begin PBXNativeTarget section */
		DAF1521426161758001902CC /* LearningGH */ = {
			isa = PBXNativeTarget;
			buildConfigurationList = DAF152242616175B001902CC /* Build configuration list for PBXNativeTarget "LearningGH" */;
			buildPhases = (
				DAF1521126161758001902CC /* Sources */,
				DAF1521226161758001902CC /* Frameworks */,
				DAF1521326161758001902CC /* Resources */,
			);
			buildRules = (
			);
			dependencies = (
			);
			name = LearningGH;
			productName = LearningGH;
			productReference = DAF1521526161758001902CC /* LearningGH.app */;
			productType = "com.apple.product-type.application";
		};
/* End PBXNativeTarget section */

/* Begin PBXProject section */
		DAF1520D26161757001902CC /* Project object */ = {
			isa = PBXProject;
			attributes = {
				LastSwiftUpdateCheck = 1240;
				LastUpgradeCheck = 1240;
				TargetAttributes = {
					DAF1521426161758001902CC = {
						CreatedOnToolsVersion = 12.4;
					};
				};
			};
			buildConfigurationList = DAF1521026161757001902CC /* Build configuration list for PBXProject "LearningGH" */;
			compatibilityVersion = "Xcode 9.3";
			developmentRegion = en;
			hasScannedForEncodings = 0;
			knownRegions = (
				en,
				Base,
			);
			mainGroup = DAF1520C26161757001902CC;
			productRefGroup = DAF1521626161758001902CC /* Products */;
			projectDirPath = "";
			projectRoot = "";
			targets = (
				DAF1521426161758001902CC /* LearningGH */,
			);
		};
/* End PBXProject section */

/* Begin PBXResourcesBuildPhase section */
		DAF1521326161758001902CC /* Resources */ = {
			isa = PBXResourcesBuildPhase;
			buildActionMask = 2147483647;
			files = (
				DAF152202616175B001902CC /* Preview Assets.xcassets in Resources */,
				DAF1521D2616175B001902CC /* Assets.xcassets in Resources */,
			);
			runOnlyForDeploymentPostprocessing = 0;
		};
/* End PBXResourcesBuildPhase section */

/* Begin PBXSourcesBuildPhase section */
		DAF1521126161758001902CC /* Sources */ = {
			isa = PBXSourcesBuildPhase;
			buildActionMask = 2147483647;
			files = (
				DAF1521B26161758001902CC /* ContentView.swift in Sources */,
				DA2B388D261719C300CA6049 /* MyModel.swift in Sources */,
				DAF1521926161758001902CC /* LearningGHApp.swift in Sources */,
			);
			runOnlyForDeploymentPostprocessing = 0;
		};
/* End PBXSourcesBuildPhase section */

/* Begin XCBuildConfiguration section */
		DAF152222616175B001902CC /* Debug */ = {
			isa = XCBuildConfiguration;
			buildSettings = {
				ALWAYS_SEARCH_USER_PATHS = NO;
				CLANG_ANALYZER_NONNULL = YES;
				CLANG_ANALYZER_NUMBER_OBJECT_CONVERSION = YES_AGGRESSIVE;
				CLANG_CXX_LANGUAGE_STANDARD = "gnu++14";
				CLANG_CXX_LIBRARY = "libc++";
				CLANG_ENABLE_MODULES = YES;
				CLANG_ENABLE_OBJC_ARC = YES;
				CLANG_ENABLE_OBJC_WEAK = YES;
				CLANG_WARN_BLOCK_CAPTURE_AUTORELEASING = YES;
				CLANG_WARN_BOOL_CONVERSION = YES;
				CLANG_WARN_COMMA = YES;
				CLANG_WARN_CONSTANT_CONVERSION = YES;
				CLANG_WARN_DEPRECATED_OBJC_IMPLEMENTATIONS = YES;
				CLANG_WARN_DIRECT_OBJC_ISA_USAGE = YES_ERROR;
				CLANG_WARN_DOCUMENTATION_COMMENTS = YES;
				CLANG_WARN_EMPTY_BODY = YES;
				CLANG_WARN_ENUM_CONVERSION = YES;
				CLANG_WARN_INFINITE_RECURSION = YES;
				CLANG_WARN_INT_CONVERSION = YES;
				CLANG_WARN_NON_LITERAL_NULL_CONVERSION = YES;
				CLANG_WARN_OBJC_IMPLICIT_RETAIN_SELF = YES;
				CLANG_WARN_OBJC_LITERAL_CONVERSION = YES;
				CLANG_WARN_OBJC_ROOT_CLASS = YES_ERROR;
				CLANG_WARN_QUOTED_INCLUDE_IN_FRAMEWORK_HEADER = YES;
				CLANG_WARN_RANGE_LOOP_ANALYSIS = YES;
				CLANG_WARN_STRICT_PROTOTYPES = YES;
				CLANG_WARN_SUSPICIOUS_MOVE = YES;
				CLANG_WARN_UNGUARDED_AVAILABILITY = YES_AGGRESSIVE;
				CLANG_WARN_UNREACHABLE_CODE = YES;
				CLANG_WARN__DUPLICATE_METHOD_MATCH = YES;
				COPY_PHASE_STRIP = NO;
				DEBUG_INFORMATION_FORMAT = dwarf;
				ENABLE_STRICT_OBJC_MSGSEND = YES;
				ENABLE_TESTABILITY = YES;
				GCC_C_LANGUAGE_STANDARD = gnu11;
				GCC_DYNAMIC_NO_PIC = NO;
				GCC_NO_COMMON_BLOCKS = YES;
				GCC_OPTIMIZATION_LEVEL = 0;
				GCC_PREPROCESSOR_DEFINITIONS = (
					"DEBUG=1",
					"$(inherited)",
				);
				GCC_WARN_64_TO_32_BIT_CONVERSION = YES;
				GCC_WARN_ABOUT_RETURN_TYPE = YES_ERROR;
				GCC_WARN_UNDECLARED_SELECTOR = YES;
				GCC_WARN_UNINITIALIZED_AUTOS = YES_AGGRESSIVE;
				GCC_WARN_UNUSED_FUNCTION = YES;
				GCC_WARN_UNUSED_VARIABLE = YES;
				IPHONEOS_DEPLOYMENT_TARGET = 14.4;
				MTL_ENABLE_DEBUG_INFO = INCLUDE_SOURCE;
				MTL_FAST_MATH = YES;
				ONLY_ACTIVE_ARCH = YES;
				SDKROOT = iphoneos;
				SWIFT_ACTIVE_COMPILATION_CONDITIONS = DEBUG;
				SWIFT_OPTIMIZATION_LEVEL = "-Onone";
			};
			name = Debug;
		};
		DAF152232616175B001902CC /* Release */ = {
			isa = XCBuildConfiguration;
			buildSettings = {
				ALWAYS_SEARCH_USER_PATHS = NO;
				CLANG_ANALYZER_NONNULL = YES;
				CLANG_ANALYZER_NUMBER_OBJECT_CONVERSION = YES_AGGRESSIVE;
				CLANG_CXX_LANGUAGE_STANDARD = "gnu++14";
				CLANG_CXX_LIBRARY = "libc++";
				CLANG_ENABLE_MODULES = YES;
				CLANG_ENABLE_OBJC_ARC = YES;
				CLANG_ENABLE_OBJC_WEAK = YES;
				CLANG_WARN_BLOCK_CAPTURE_AUTORELEASING = YES;
				CLANG_WARN_BOOL_CONVERSION = YES;
				CLANG_WARN_COMMA = YES;
				CLANG_WARN_CONSTANT_CONVERSION = YES;
				CLANG_WARN_DEPRECATED_OBJC_IMPLEMENTATIONS = YES;
				CLANG_WARN_DIRECT_OBJC_ISA_USAGE = YES_ERROR;
				CLANG_WARN_DOCUMENTATION_COMMENTS = YES;
				CLANG_WARN_EMPTY_BODY = YES;
				CLANG_WARN_ENUM_CONVERSION = YES;
				CLANG_WARN_INFINITE_RECURSION = YES;
				CLANG_WARN_INT_CONVERSION = YES;
				CLANG_WARN_NON_LITERAL_NULL_CONVERSION = YES;
				CLANG_WARN_OBJC_IMPLICIT_RETAIN_SELF = YES;
				CLANG_WARN_OBJC_LITERAL_CONVERSION = YES;
				CLANG_WARN_OBJC_ROOT_CLASS = YES_ERROR;
				CLANG_WARN_QUOTED_INCLUDE_IN_FRAMEWORK_HEADER = YES;
				CLANG_WARN_RANGE_LOOP_ANALYSIS = YES;
				CLANG_WARN_STRICT_PROTOTYPES = YES;
				CLANG_WARN_SUSPICIOUS_MOVE = YES;
				CLANG_WARN_UNGUARDED_AVAILABILITY = YES_AGGRESSIVE;
				CLANG_WARN_UNREACHABLE_CODE = YES;
				CLANG_WARN__DUPLICATE_METHOD_MATCH = YES;
				COPY_PHASE_STRIP = NO;
				DEBUG_INFORMATION_FORMAT = "dwarf-with-dsym";
				ENABLE_NS_ASSERTIONS = NO;
				ENABLE_STRICT_OBJC_MSGSEND = YES;
				GCC_C_LANGUAGE_STANDARD = gnu11;
				GCC_NO_COMMON_BLOCKS = YES;
				GCC_WARN_64_TO_32_BIT_CONVERSION = YES;
				GCC_WARN_ABOUT_RETURN_TYPE = YES_ERROR;
				GCC_WARN_UNDECLARED_SELECTOR = YES;
				GCC_WARN_UNINITIALIZED_AUTOS = YES_AGGRESSIVE;
				GCC_WARN_UNUSED_FUNCTION = YES;
				GCC_WARN_UNUSED_VARIABLE = YES;
				IPHONEOS_DEPLOYMENT_TARGET = 14.4;
				MTL_ENABLE_DEBUG_INFO = NO;
				MTL_FAST_MATH = YES;
				SDKROOT = iphoneos;
				SWIFT_COMPILATION_MODE = wholemodule;
				SWIFT_OPTIMIZATION_LEVEL = "-O";
				VALIDATE_PRODUCT = YES;
			};
			name = Release;
		};
		DAF152252616175B001902CC /* Debug */ = {
			isa = XCBuildConfiguration;
			buildSettings = {
				ASSETCATALOG_COMPILER_APPICON_NAME = AppIcon;
				ASSETCATALOG_COMPILER_GLOBAL_ACCENT_COLOR_NAME = AccentColor;
				CODE_SIGN_STYLE = Automatic;
				DEVELOPMENT_ASSET_PATHS = "\"LearningGH/Preview Content\"";
				DEVELOPMENT_TEAM = F3YX74C7Q5;
				ENABLE_PREVIEWS = YES;
				INFOPLIST_FILE = LearningGH/Info.plist;
				IPHONEOS_DEPLOYMENT_TARGET = 14.0;
				LD_RUNPATH_SEARCH_PATHS = (
					"$(inherited)",
					"@executable_path/Frameworks",
				);
				PRODUCT_BUNDLE_IDENTIFIER = com.a6drivertraining.LearningGH;
				PRODUCT_NAME = "$(TARGET_NAME)";
				SWIFT_VERSION = 5.0;
				TARGETED_DEVICE_FAMILY = "1,2";
			};
			name = Debug;
		};
		DAF152262616175B001902CC /* Release */ = {
			isa = XCBuildConfiguration;
			buildSettings = {
				ASSETCATALOG_COMPILER_APPICON_NAME = AppIcon;
				ASSETCATALOG_COMPILER_GLOBAL_ACCENT_COLOR_NAME = AccentColor;
				CODE_SIGN_STYLE = Automatic;
				DEVELOPMENT_ASSET_PATHS = "\"LearningGH/Preview Content\"";
				DEVELOPMENT_TEAM = F3YX74C7Q5;
				ENABLE_PREVIEWS = YES;
				INFOPLIST_FILE = LearningGH/Info.plist;
				IPHONEOS_DEPLOYMENT_TARGET = 14.0;
				LD_RUNPATH_SEARCH_PATHS = (
					"$(inherited)",
					"@executable_path/Frameworks",
				);
				PRODUCT_BUNDLE_IDENTIFIER = com.a6drivertraining.LearningGH;
				PRODUCT_NAME = "$(TARGET_NAME)";
				SWIFT_VERSION = 5.0;
				TARGETED_DEVICE_FAMILY = "1,2";
			};
			name = Release;
		};
/* End XCBuildConfiguration section */

/* Begin XCConfigurationList section */
		DAF1521026161757001902CC /* Build configuration list for PBXProject "LearningGH" */ = {
			isa = XCConfigurationList;
			buildConfigurations = (
				DAF152222616175B001902CC /* Debug */,
				DAF152232616175B001902CC /* Release */,
			);
			defaultConfigurationIsVisible = 0;
			defaultConfigurationName = Release;
		};
		DAF152242616175B001902CC /* Build configuration list for PBXNativeTarget "LearningGH" */ = {
			isa = XCConfigurationList;
			buildConfigurations = (
				DAF152252616175B001902CC /* Debug */,
				DAF152262616175B001902CC /* Release */,
			);
			defaultConfigurationIsVisible = 0;
			defaultConfigurationName = Release;
		};
/* End XCConfigurationList section */
	};
	rootObject = DAF1520D26161757001902CC /* Project object */;
}
